// !$*UTF8*$!
{
	archiveVersion = 1;
	classes = {
	};
	objectVersion = 55;
	objects = {

/* Begin PBXBuildFile section */
		099302913F9F2813981869FD /* Pods_ConneAppTask.framework in Frameworks */ = {isa = PBXBuildFile; fileRef = 2F3162962C99AA918FB703F5 /* Pods_ConneAppTask.framework */; };
		FE946A9128369F3D004B082F /* AppDelegate.swift in Sources */ = {isa = PBXBuildFile; fileRef = FE946A9028369F3D004B082F /* AppDelegate.swift */; };
		FE946A9328369F3D004B082F /* SceneDelegate.swift in Sources */ = {isa = PBXBuildFile; fileRef = FE946A9228369F3D004B082F /* SceneDelegate.swift */; };
		FE946A9528369F3D004B082F /* BaseViewController.swift in Sources */ = {isa = PBXBuildFile; fileRef = FE946A9428369F3D004B082F /* BaseViewController.swift */; };
		FE946A9828369F3D004B082F /* Main.storyboard in Resources */ = {isa = PBXBuildFile; fileRef = FE946A9628369F3D004B082F /* Main.storyboard */; };
		FE946A9A28369F3F004B082F /* Assets.xcassets in Resources */ = {isa = PBXBuildFile; fileRef = FE946A9928369F3F004B082F /* Assets.xcassets */; };
		FE946A9D28369F3F004B082F /* LaunchScreen.storyboard in Resources */ = {isa = PBXBuildFile; fileRef = FE946A9B28369F3F004B082F /* LaunchScreen.storyboard */; };
		FE946AAC28369FF2004B082F /* MainViewController.swift in Sources */ = {isa = PBXBuildFile; fileRef = FE946AAB28369FF2004B082F /* MainViewController.swift */; };
		FE946AE62836AA11004B082F /* UIViewController+Extension.swift in Sources */ = {isa = PBXBuildFile; fileRef = FE946ABC2836AA11004B082F /* UIViewController+Extension.swift */; };
		FE946AE82836AA11004B082F /* UICollectionView+Extension.swift in Sources */ = {isa = PBXBuildFile; fileRef = FE946ABE2836AA11004B082F /* UICollectionView+Extension.swift */; };
		FE946AEA2836AA11004B082F /* Dictionary+Extension.swift in Sources */ = {isa = PBXBuildFile; fileRef = FE946AC02836AA11004B082F /* Dictionary+Extension.swift */; };
		FE946AED2836AA11004B082F /* NSError+LocalizedError.swift in Sources */ = {isa = PBXBuildFile; fileRef = FE946AC32836AA11004B082F /* NSError+LocalizedError.swift */; };
		FE946AEF2836AA11004B082F /* View+Extension.swift in Sources */ = {isa = PBXBuildFile; fileRef = FE946AC52836AA11004B082F /* View+Extension.swift */; };
		FE946AF02836AA11004B082F /* UITableView+Extension.swift in Sources */ = {isa = PBXBuildFile; fileRef = FE946AC62836AA11004B082F /* UITableView+Extension.swift */; };
		FE946AFB2836AA11004B082F /* ReachabilityManager.swift in Sources */ = {isa = PBXBuildFile; fileRef = FE946AD52836AA11004B082F /* ReachabilityManager.swift */; };
		FE946AFF2836ACAA004B082F /* Bundle+Extension.swift in Sources */ = {isa = PBXBuildFile; fileRef = FE946AFE2836ACAA004B082F /* Bundle+Extension.swift */; };
		FE946B012836AFA6004B082F /* UITextField+Extension.swift in Sources */ = {isa = PBXBuildFile; fileRef = FE946B002836AFA6004B082F /* UITextField+Extension.swift */; };
		FE9A65832837440400EBFD69 /* StringConstants.swift in Sources */ = {isa = PBXBuildFile; fileRef = FE9A65822837440400EBFD69 /* StringConstants.swift */; };
		FE9A65852837459B00EBFD69 /* City.swift in Sources */ = {isa = PBXBuildFile; fileRef = FE9A65842837459B00EBFD69 /* City.swift */; };
		FE9A6587283745FB00EBFD69 /* MainViewModel.swift in Sources */ = {isa = PBXBuildFile; fileRef = FE9A6586283745FB00EBFD69 /* MainViewModel.swift */; };
		FE9A658A28374C3100EBFD69 /* WeatherCollectionViewCell.swift in Sources */ = {isa = PBXBuildFile; fileRef = FE9A658828374C3100EBFD69 /* WeatherCollectionViewCell.swift */; };
		FE9A658B28374C3100EBFD69 /* WeatherCollectionViewCell.xib in Resources */ = {isa = PBXBuildFile; fileRef = FE9A658928374C3100EBFD69 /* WeatherCollectionViewCell.xib */; };
		FE9A658E28374DBA00EBFD69 /* R.generated.swift in Sources */ = {isa = PBXBuildFile; fileRef = FE9A658D28374DBA00EBFD69 /* R.generated.swift */; };
		FE9A659328375E3C00EBFD69 /* WeatherTableViewCell.swift in Sources */ = {isa = PBXBuildFile; fileRef = FE9A659128375E3C00EBFD69 /* WeatherTableViewCell.swift */; };
		FE9A659428375E3C00EBFD69 /* WeatherTableViewCell.xib in Resources */ = {isa = PBXBuildFile; fileRef = FE9A659228375E3C00EBFD69 /* WeatherTableViewCell.xib */; };
		FE9A659728375FE900EBFD69 /* SectionTitleView.xib in Resources */ = {isa = PBXBuildFile; fileRef = FE9A659528375FE900EBFD69 /* SectionTitleView.xib */; };
		FE9A659828375FE900EBFD69 /* SectionTitleView.swift in Sources */ = {isa = PBXBuildFile; fileRef = FE9A659628375FE900EBFD69 /* SectionTitleView.swift */; };
		FE9A659A28376CE900EBFD69 /* MainViewDataProvider.swift in Sources */ = {isa = PBXBuildFile; fileRef = FE9A659928376CE900EBFD69 /* MainViewDataProvider.swift */; };
		FE9A659C28376D7D00EBFD69 /* Utils.swift in Sources */ = {isa = PBXBuildFile; fileRef = FE9A659B28376D7D00EBFD69 /* Utils.swift */; };
		FE9A659E28376DF000EBFD69 /* String+Extension.swift in Sources */ = {isa = PBXBuildFile; fileRef = FE9A659D28376DF000EBFD69 /* String+Extension.swift */; };
		FE9A65A22837720F00EBFD69 /* URL+Extension.swift in Sources */ = {isa = PBXBuildFile; fileRef = FE9A65A12837720F00EBFD69 /* URL+Extension.swift */; };
		FE9A65A428378E3400EBFD69 /* Int+Extension.swift in Sources */ = {isa = PBXBuildFile; fileRef = FE9A65A328378E3400EBFD69 /* Int+Extension.swift */; };
		FE9A65A628379B7600EBFD69 /* UIImageView+SetImage.swift in Sources */ = {isa = PBXBuildFile; fileRef = FE9A65A528379B7600EBFD69 /* UIImageView+SetImage.swift */; };
		FE9A65A82837A91F00EBFD69 /* Sequence+Extension.swift in Sources */ = {isa = PBXBuildFile; fileRef = FE9A65A72837A91F00EBFD69 /* Sequence+Extension.swift */; };
		FE9A65AA2837B1DF00EBFD69 /* Date+Extension.swift in Sources */ = {isa = PBXBuildFile; fileRef = FE9A65A92837B1DF00EBFD69 /* Date+Extension.swift */; };
		FE9A65AC2837C8C400EBFD69 /* WeatherReports.swift in Sources */ = {isa = PBXBuildFile; fileRef = FE9A65AB2837C8C400EBFD69 /* WeatherReports.swift */; };
		FE9A65B02837CEBD00EBFD69 /* OtherViewController.swift in Sources */ = {isa = PBXBuildFile; fileRef = FE9A65AF2837CEBD00EBFD69 /* OtherViewController.swift */; };
		FE9A65B72837D19400EBFD69 /* Reports.json in Resources */ = {isa = PBXBuildFile; fileRef = FE9A65B62837D19400EBFD69 /* Reports.json */; };
		FE9A65BB2837F1BE00EBFD69 /* OtherTableViewCell.swift in Sources */ = {isa = PBXBuildFile; fileRef = FE9A65B92837F1BE00EBFD69 /* OtherTableViewCell.swift */; };
		FE9A65BC2837F1BE00EBFD69 /* OtherTableViewCell.xib in Resources */ = {isa = PBXBuildFile; fileRef = FE9A65BA2837F1BE00EBFD69 /* OtherTableViewCell.xib */; };
/* End PBXBuildFile section */

/* Begin PBXFileReference section */
		2F3162962C99AA918FB703F5 /* Pods_ConneAppTask.framework */ = {isa = PBXFileReference; explicitFileType = wrapper.framework; includeInIndex = 0; path = Pods_ConneAppTask.framework; sourceTree = BUILT_PRODUCTS_DIR; };
		2FBDE1AE2A2A8B7FD5109250 /* Pods-ConneAppTask.debug.xcconfig */ = {isa = PBXFileReference; includeInIndex = 1; lastKnownFileType = text.xcconfig; name = "Pods-ConneAppTask.debug.xcconfig"; path = "Target Support Files/Pods-ConneAppTask/Pods-ConneAppTask.debug.xcconfig"; sourceTree = "<group>"; };
		36CCFFA58CD7E90E87927B3B /* Pods-ConneAppTask.release.xcconfig */ = {isa = PBXFileReference; includeInIndex = 1; lastKnownFileType = text.xcconfig; name = "Pods-ConneAppTask.release.xcconfig"; path = "Target Support Files/Pods-ConneAppTask/Pods-ConneAppTask.release.xcconfig"; sourceTree = "<group>"; };
		FE946A8D28369F3D004B082F /* ConneAppTask.app */ = {isa = PBXFileReference; explicitFileType = wrapper.application; includeInIndex = 0; path = ConneAppTask.app; sourceTree = BUILT_PRODUCTS_DIR; };
		FE946A9028369F3D004B082F /* AppDelegate.swift */ = {isa = PBXFileReference; lastKnownFileType = sourcecode.swift; path = AppDelegate.swift; sourceTree = "<group>"; };
		FE946A9228369F3D004B082F /* SceneDelegate.swift */ = {isa = PBXFileReference; lastKnownFileType = sourcecode.swift; path = SceneDelegate.swift; sourceTree = "<group>"; };
		FE946A9428369F3D004B082F /* BaseViewController.swift */ = {isa = PBXFileReference; lastKnownFileType = sourcecode.swift; path = BaseViewController.swift; sourceTree = "<group>"; };
		FE946A9728369F3D004B082F /* Base */ = {isa = PBXFileReference; lastKnownFileType = file.storyboard; name = Base; path = Base.lproj/Main.storyboard; sourceTree = "<group>"; };
		FE946A9928369F3F004B082F /* Assets.xcassets */ = {isa = PBXFileReference; lastKnownFileType = folder.assetcatalog; path = Assets.xcassets; sourceTree = "<group>"; };
		FE946A9C28369F3F004B082F /* Base */ = {isa = PBXFileReference; lastKnownFileType = file.storyboard; name = Base; path = Base.lproj/LaunchScreen.storyboard; sourceTree = "<group>"; };
		FE946A9E28369F3F004B082F /* Info.plist */ = {isa = PBXFileReference; lastKnownFileType = text.plist.xml; path = Info.plist; sourceTree = "<group>"; };
		FE946AAB28369FF2004B082F /* MainViewController.swift */ = {isa = PBXFileReference; lastKnownFileType = sourcecode.swift; path = MainViewController.swift; sourceTree = "<group>"; };
		FE946ABC2836AA11004B082F /* UIViewController+Extension.swift */ = {isa = PBXFileReference; fileEncoding = 4; lastKnownFileType = sourcecode.swift; path = "UIViewController+Extension.swift"; sourceTree = "<group>"; };
		FE946ABE2836AA11004B082F /* UICollectionView+Extension.swift */ = {isa = PBXFileReference; fileEncoding = 4; lastKnownFileType = sourcecode.swift; path = "UICollectionView+Extension.swift"; sourceTree = "<group>"; };
		FE946AC02836AA11004B082F /* Dictionary+Extension.swift */ = {isa = PBXFileReference; fileEncoding = 4; lastKnownFileType = sourcecode.swift; path = "Dictionary+Extension.swift"; sourceTree = "<group>"; };
		FE946AC32836AA11004B082F /* NSError+LocalizedError.swift */ = {isa = PBXFileReference; fileEncoding = 4; lastKnownFileType = sourcecode.swift; path = "NSError+LocalizedError.swift"; sourceTree = "<group>"; };
		FE946AC52836AA11004B082F /* View+Extension.swift */ = {isa = PBXFileReference; fileEncoding = 4; lastKnownFileType = sourcecode.swift; path = "View+Extension.swift"; sourceTree = "<group>"; };
		FE946AC62836AA11004B082F /* UITableView+Extension.swift */ = {isa = PBXFileReference; fileEncoding = 4; lastKnownFileType = sourcecode.swift; path = "UITableView+Extension.swift"; sourceTree = "<group>"; };
		FE946AD52836AA11004B082F /* ReachabilityManager.swift */ = {isa = PBXFileReference; fileEncoding = 4; lastKnownFileType = sourcecode.swift; path = ReachabilityManager.swift; sourceTree = "<group>"; };
		FE946AFE2836ACAA004B082F /* Bundle+Extension.swift */ = {isa = PBXFileReference; lastKnownFileType = sourcecode.swift; path = "Bundle+Extension.swift"; sourceTree = "<group>"; };
		FE946B002836AFA6004B082F /* UITextField+Extension.swift */ = {isa = PBXFileReference; lastKnownFileType = sourcecode.swift; path = "UITextField+Extension.swift"; sourceTree = "<group>"; };
		FE9A65822837440400EBFD69 /* StringConstants.swift */ = {isa = PBXFileReference; lastKnownFileType = sourcecode.swift; path = StringConstants.swift; sourceTree = "<group>"; };
		FE9A65842837459B00EBFD69 /* City.swift */ = {isa = PBXFileReference; lastKnownFileType = sourcecode.swift; path = City.swift; sourceTree = "<group>"; };
		FE9A6586283745FB00EBFD69 /* MainViewModel.swift */ = {isa = PBXFileReference; lastKnownFileType = sourcecode.swift; path = MainViewModel.swift; sourceTree = "<group>"; };
		FE9A658828374C3100EBFD69 /* WeatherCollectionViewCell.swift */ = {isa = PBXFileReference; lastKnownFileType = sourcecode.swift; path = WeatherCollectionViewCell.swift; sourceTree = "<group>"; };
		FE9A658928374C3100EBFD69 /* WeatherCollectionViewCell.xib */ = {isa = PBXFileReference; lastKnownFileType = file.xib; path = WeatherCollectionViewCell.xib; sourceTree = "<group>"; };
		FE9A658D28374DBA00EBFD69 /* R.generated.swift */ = {isa = PBXFileReference; fileEncoding = 4; lastKnownFileType = sourcecode.swift; path = R.generated.swift; sourceTree = SOURCE_ROOT; };
		FE9A659128375E3C00EBFD69 /* WeatherTableViewCell.swift */ = {isa = PBXFileReference; lastKnownFileType = sourcecode.swift; path = WeatherTableViewCell.swift; sourceTree = "<group>"; };
		FE9A659228375E3C00EBFD69 /* WeatherTableViewCell.xib */ = {isa = PBXFileReference; lastKnownFileType = file.xib; path = WeatherTableViewCell.xib; sourceTree = "<group>"; };
		FE9A659528375FE900EBFD69 /* SectionTitleView.xib */ = {isa = PBXFileReference; fileEncoding = 4; lastKnownFileType = file.xib; path = SectionTitleView.xib; sourceTree = "<group>"; };
		FE9A659628375FE900EBFD69 /* SectionTitleView.swift */ = {isa = PBXFileReference; fileEncoding = 4; lastKnownFileType = sourcecode.swift; path = SectionTitleView.swift; sourceTree = "<group>"; };
		FE9A659928376CE900EBFD69 /* MainViewDataProvider.swift */ = {isa = PBXFileReference; lastKnownFileType = sourcecode.swift; path = MainViewDataProvider.swift; sourceTree = "<group>"; };
		FE9A659B28376D7D00EBFD69 /* Utils.swift */ = {isa = PBXFileReference; lastKnownFileType = sourcecode.swift; path = Utils.swift; sourceTree = "<group>"; };
		FE9A659D28376DF000EBFD69 /* String+Extension.swift */ = {isa = PBXFileReference; lastKnownFileType = sourcecode.swift; path = "String+Extension.swift"; sourceTree = "<group>"; };
		FE9A65A12837720F00EBFD69 /* URL+Extension.swift */ = {isa = PBXFileReference; lastKnownFileType = sourcecode.swift; path = "URL+Extension.swift"; sourceTree = "<group>"; };
		FE9A65A328378E3400EBFD69 /* Int+Extension.swift */ = {isa = PBXFileReference; lastKnownFileType = sourcecode.swift; path = "Int+Extension.swift"; sourceTree = "<group>"; };
		FE9A65A528379B7600EBFD69 /* UIImageView+SetImage.swift */ = {isa = PBXFileReference; lastKnownFileType = sourcecode.swift; path = "UIImageView+SetImage.swift"; sourceTree = "<group>"; };
		FE9A65A72837A91F00EBFD69 /* Sequence+Extension.swift */ = {isa = PBXFileReference; lastKnownFileType = sourcecode.swift; path = "Sequence+Extension.swift"; sourceTree = "<group>"; };
		FE9A65A92837B1DF00EBFD69 /* Date+Extension.swift */ = {isa = PBXFileReference; lastKnownFileType = sourcecode.swift; path = "Date+Extension.swift"; sourceTree = "<group>"; };
		FE9A65AB2837C8C400EBFD69 /* WeatherReports.swift */ = {isa = PBXFileReference; lastKnownFileType = sourcecode.swift; path = WeatherReports.swift; sourceTree = "<group>"; };
		FE9A65AF2837CEBD00EBFD69 /* OtherViewController.swift */ = {isa = PBXFileReference; lastKnownFileType = sourcecode.swift; path = OtherViewController.swift; sourceTree = "<group>"; };
		FE9A65B62837D19400EBFD69 /* Reports.json */ = {isa = PBXFileReference; lastKnownFileType = text.json; path = Reports.json; sourceTree = "<group>"; };
		FE9A65B92837F1BE00EBFD69 /* OtherTableViewCell.swift */ = {isa = PBXFileReference; lastKnownFileType = sourcecode.swift; path = OtherTableViewCell.swift; sourceTree = "<group>"; };
		FE9A65BA2837F1BE00EBFD69 /* OtherTableViewCell.xib */ = {isa = PBXFileReference; lastKnownFileType = file.xib; path = OtherTableViewCell.xib; sourceTree = "<group>"; };
/* End PBXFileReference section */

/* Begin PBXFrameworksBuildPhase section */
		FE946A8A28369F3D004B082F /* Frameworks */ = {
			isa = PBXFrameworksBuildPhase;
			buildActionMask = 2147483647;
			files = (
				099302913F9F2813981869FD /* Pods_ConneAppTask.framework in Frameworks */,
			);
			runOnlyForDeploymentPostprocessing = 0;
		};
/* End PBXFrameworksBuildPhase section */

/* Begin PBXGroup section */
		48FF83B284AC494EF83FB61E /* Pods */ = {
			isa = PBXGroup;
			children = (
				2FBDE1AE2A2A8B7FD5109250 /* Pods-ConneAppTask.debug.xcconfig */,
				36CCFFA58CD7E90E87927B3B /* Pods-ConneAppTask.release.xcconfig */,
			);
			path = Pods;
			sourceTree = "<group>";
		};
		7F937C9ECD851D7D88801EFC /* Frameworks */ = {
			isa = PBXGroup;
			children = (
				2F3162962C99AA918FB703F5 /* Pods_ConneAppTask.framework */,
			);
			name = Frameworks;
			sourceTree = "<group>";
		};
		FE946A8428369F3D004B082F = {
			isa = PBXGroup;
			children = (
				FE946A8F28369F3D004B082F /* ConneAppTask */,
				FE946A8E28369F3D004B082F /* Products */,
				48FF83B284AC494EF83FB61E /* Pods */,
				7F937C9ECD851D7D88801EFC /* Frameworks */,
			);
			sourceTree = "<group>";
		};
		FE946A8E28369F3D004B082F /* Products */ = {
			isa = PBXGroup;
			children = (
				FE946A8D28369F3D004B082F /* ConneAppTask.app */,
			);
			name = Products;
			sourceTree = "<group>";
		};
		FE946A8F28369F3D004B082F /* ConneAppTask */ = {
			isa = PBXGroup;
			children = (
				FE9A6581283743EF00EBFD69 /* Constants */,
				FE946AAE2836AA11004B082F /* Extensions */,
				FE946AC72836AA11004B082F /* Utils */,
				FE946AA428369F68004B082F /* Controllers */,
				FE946A9028369F3D004B082F /* AppDelegate.swift */,
				FE946A9228369F3D004B082F /* SceneDelegate.swift */,
				FE9A65B12837D05800EBFD69 /* Resources */,
				FE946A9628369F3D004B082F /* Main.storyboard */,
				FE946A9928369F3F004B082F /* Assets.xcassets */,
				FE946A9B28369F3F004B082F /* LaunchScreen.storyboard */,
				FE946A9E28369F3F004B082F /* Info.plist */,
				FE9A658D28374DBA00EBFD69 /* R.generated.swift */,
			);
			path = ConneAppTask;
			sourceTree = "<group>";
		};
		FE946AA428369F68004B082F /* Controllers */ = {
			isa = PBXGroup;
			children = (
				FE9A65B22837D06A00EBFD69 /* BaseViewController */,
				FE9A65AD2837CE9700EBFD69 /* OtherScreen */,
				FE946AA528369F79004B082F /* MainScreen */,
			);
			path = Controllers;
			sourceTree = "<group>";
		};
		FE946AA528369F79004B082F /* MainScreen */ = {
			isa = PBXGroup;
			children = (
				FE946AAA28369FBA004B082F /* DataProvider */,
				FE946AA828369FA0004B082F /* Model */,
				FE946AA928369FA7004B082F /* ViewModel */,
				FE946AA728369F97004B082F /* View */,
				FE946AA628369F8D004B082F /* Controller */,
			);
			path = MainScreen;
			sourceTree = "<group>";
		};
		FE946AA628369F8D004B082F /* Controller */ = {
			isa = PBXGroup;
			children = (
				FE946AAB28369FF2004B082F /* MainViewController.swift */,
			);
			path = Controller;
			sourceTree = "<group>";
		};
		FE946AA728369F97004B082F /* View */ = {
			isa = PBXGroup;
			children = (
				FE9A659028375E1A00EBFD69 /* TableViewCell */,
				FE9A658F28375E0B00EBFD69 /* CollectionViewCell */,
			);
			path = View;
			sourceTree = "<group>";
		};
		FE946AA828369FA0004B082F /* Model */ = {
			isa = PBXGroup;
			children = (
				FE9A65842837459B00EBFD69 /* City.swift */,
				FE9A65AB2837C8C400EBFD69 /* WeatherReports.swift */,
			);
			path = Model;
			sourceTree = "<group>";
		};
		FE946AA928369FA7004B082F /* ViewModel */ = {
			isa = PBXGroup;
			children = (
				FE9A6586283745FB00EBFD69 /* MainViewModel.swift */,
			);
			path = ViewModel;
			sourceTree = "<group>";
		};
		FE946AAA28369FBA004B082F /* DataProvider */ = {
			isa = PBXGroup;
			children = (
				FE9A659928376CE900EBFD69 /* MainViewDataProvider.swift */,
			);
			path = DataProvider;
			sourceTree = "<group>";
		};
		FE946AAE2836AA11004B082F /* Extensions */ = {
			isa = PBXGroup;
			children = (
				FE946ABC2836AA11004B082F /* UIViewController+Extension.swift */,
				FE946ABE2836AA11004B082F /* UICollectionView+Extension.swift */,
				FE946AC02836AA11004B082F /* Dictionary+Extension.swift */,
				FE946AC32836AA11004B082F /* NSError+LocalizedError.swift */,
				FE946AC52836AA11004B082F /* View+Extension.swift */,
				FE946AC62836AA11004B082F /* UITableView+Extension.swift */,
				FE946AFE2836ACAA004B082F /* Bundle+Extension.swift */,
				FE946B002836AFA6004B082F /* UITextField+Extension.swift */,
				FE9A659D28376DF000EBFD69 /* String+Extension.swift */,
				FE9A65A12837720F00EBFD69 /* URL+Extension.swift */,
				FE9A65A328378E3400EBFD69 /* Int+Extension.swift */,
				FE9A65A528379B7600EBFD69 /* UIImageView+SetImage.swift */,
				FE9A65A72837A91F00EBFD69 /* Sequence+Extension.swift */,
				FE9A65A92837B1DF00EBFD69 /* Date+Extension.swift */,
			);
			path = Extensions;
			sourceTree = "<group>";
		};
		FE946AC72836AA11004B082F /* Utils */ = {
			isa = PBXGroup;
			children = (
				FE946AD42836AA11004B082F /* ReachabilityManager */,
				FE9A659B28376D7D00EBFD69 /* Utils.swift */,
			);
			path = Utils;
			sourceTree = "<group>";
		};
		FE946AD42836AA11004B082F /* ReachabilityManager */ = {
			isa = PBXGroup;
			children = (
				FE946AD52836AA11004B082F /* ReachabilityManager.swift */,
			);
			path = ReachabilityManager;
			sourceTree = "<group>";
		};
		FE9A6581283743EF00EBFD69 /* Constants */ = {
			isa = PBXGroup;
			children = (
				FE9A65822837440400EBFD69 /* StringConstants.swift */,
			);
			path = Constants;
			sourceTree = "<group>";
		};
		FE9A658F28375E0B00EBFD69 /* CollectionViewCell */ = {
			isa = PBXGroup;
			children = (
				FE9A658828374C3100EBFD69 /* WeatherCollectionViewCell.swift */,
				FE9A658928374C3100EBFD69 /* WeatherCollectionViewCell.xib */,
			);
			path = CollectionViewCell;
			sourceTree = "<group>";
		};
		FE9A659028375E1A00EBFD69 /* TableViewCell */ = {
			isa = PBXGroup;
			children = (
				FE9A659628375FE900EBFD69 /* SectionTitleView.swift */,
				FE9A659528375FE900EBFD69 /* SectionTitleView.xib */,
				FE9A659128375E3C00EBFD69 /* WeatherTableViewCell.swift */,
				FE9A659228375E3C00EBFD69 /* WeatherTableViewCell.xib */,
			);
			path = TableViewCell;
			sourceTree = "<group>";
		};
		FE9A65AD2837CE9700EBFD69 /* OtherScreen */ = {
			isa = PBXGroup;
			children = (
				FE9A65B82837E69500EBFD69 /* View */,
				FE9A65AE2837CEA000EBFD69 /* Controller */,
			);
			path = OtherScreen;
			sourceTree = "<group>";
		};
		FE9A65AE2837CEA000EBFD69 /* Controller */ = {
			isa = PBXGroup;
			children = (
				FE9A65AF2837CEBD00EBFD69 /* OtherViewController.swift */,
			);
			path = Controller;
			sourceTree = "<group>";
		};
		FE9A65B12837D05800EBFD69 /* Resources */ = {
			isa = PBXGroup;
			children = (
				FE9A65B62837D19400EBFD69 /* Reports.json */,
			);
			path = Resources;
			sourceTree = "<group>";
		};
		FE9A65B22837D06A00EBFD69 /* BaseViewController */ = {
			isa = PBXGroup;
			children = (
				FE9A65B32837D07800EBFD69 /* Controller */,
			);
			path = BaseViewController;
			sourceTree = "<group>";
		};
		FE9A65B32837D07800EBFD69 /* Controller */ = {
			isa = PBXGroup;
			children = (
				FE946A9428369F3D004B082F /* BaseViewController.swift */,
			);
			path = Controller;
			sourceTree = "<group>";
		};
		FE9A65B82837E69500EBFD69 /* View */ = {
			isa = PBXGroup;
			children = (
				FE9A65B92837F1BE00EBFD69 /* OtherTableViewCell.swift */,
				FE9A65BA2837F1BE00EBFD69 /* OtherTableViewCell.xib */,
			);
			path = View;
			sourceTree = "<group>";
		};
/* End PBXGroup section */

/* Begin PBXNativeTarget section */
		FE946A8C28369F3D004B082F /* ConneAppTask */ = {
			isa = PBXNativeTarget;
			buildConfigurationList = FE946AA128369F3F004B082F /* Build configuration list for PBXNativeTarget "ConneAppTask" */;
			buildPhases = (
				60383E291F406F6F511A7F51 /* [CP] Check Pods Manifest.lock */,
				FE9A658C28374CF500EBFD69 /* ShellScript */,
				FE946A8928369F3D004B082F /* Sources */,
				FE946A8A28369F3D004B082F /* Frameworks */,
				FE946A8B28369F3D004B082F /* Resources */,
				F440F1F2251000DE62CDD329 /* [CP] Embed Pods Frameworks */,
			);
			buildRules = (
			);
			dependencies = (
			);
			name = ConneAppTask;
			productName = ConneAppTask;
			productReference = FE946A8D28369F3D004B082F /* ConneAppTask.app */;
			productType = "com.apple.product-type.application";
		};
/* End PBXNativeTarget section */

/* Begin PBXProject section */
		FE946A8528369F3D004B082F /* Project object */ = {
			isa = PBXProject;
			attributes = {
				BuildIndependentTargetsInParallel = 1;
				LastSwiftUpdateCheck = 1320;
				LastUpgradeCheck = 1320;
				TargetAttributes = {
					FE946A8C28369F3D004B082F = {
						CreatedOnToolsVersion = 13.2.1;
					};
				};
			};
			buildConfigurationList = FE946A8828369F3D004B082F /* Build configuration list for PBXProject "ConneAppTask" */;
			compatibilityVersion = "Xcode 13.0";
			developmentRegion = en;
			hasScannedForEncodings = 0;
			knownRegions = (
				en,
				Base,
			);
			mainGroup = FE946A8428369F3D004B082F;
			productRefGroup = FE946A8E28369F3D004B082F /* Products */;
			projectDirPath = "";
			projectRoot = "";
			targets = (
				FE946A8C28369F3D004B082F /* ConneAppTask */,
			);
		};
/* End PBXProject section */

/* Begin PBXResourcesBuildPhase section */
		FE946A8B28369F3D004B082F /* Resources */ = {
			isa = PBXResourcesBuildPhase;
			buildActionMask = 2147483647;
			files = (
				FE946A9D28369F3F004B082F /* LaunchScreen.storyboard in Resources */,
				FE9A659428375E3C00EBFD69 /* WeatherTableViewCell.xib in Resources */,
				FE9A658B28374C3100EBFD69 /* WeatherCollectionViewCell.xib in Resources */,
				FE946A9A28369F3F004B082F /* Assets.xcassets in Resources */,
				FE9A65BC2837F1BE00EBFD69 /* OtherTableViewCell.xib in Resources */,
				FE946A9828369F3D004B082F /* Main.storyboard in Resources */,
				FE9A659728375FE900EBFD69 /* SectionTitleView.xib in Resources */,
				FE9A65B72837D19400EBFD69 /* Reports.json in Resources */,
			);
			runOnlyForDeploymentPostprocessing = 0;
		};
/* End PBXResourcesBuildPhase section */

/* Begin PBXShellScriptBuildPhase section */
		60383E291F406F6F511A7F51 /* [CP] Check Pods Manifest.lock */ = {
			isa = PBXShellScriptBuildPhase;
			buildActionMask = 2147483647;
			files = (
			);
			inputFileListPaths = (
			);
			inputPaths = (
				"${PODS_PODFILE_DIR_PATH}/Podfile.lock",
				"${PODS_ROOT}/Manifest.lock",
			);
			name = "[CP] Check Pods Manifest.lock";
			outputFileListPaths = (
			);
			outputPaths = (
				"$(DERIVED_FILE_DIR)/Pods-ConneAppTask-checkManifestLockResult.txt",
			);
			runOnlyForDeploymentPostprocessing = 0;
			shellPath = /bin/sh;
			shellScript = "diff \"${PODS_PODFILE_DIR_PATH}/Podfile.lock\" \"${PODS_ROOT}/Manifest.lock\" > /dev/null\nif [ $? != 0 ] ; then\n    # print error to STDERR\n    echo \"error: The sandbox is not in sync with the Podfile.lock. Run 'pod install' or update your CocoaPods installation.\" >&2\n    exit 1\nfi\n# This output is used by Xcode 'outputs' to avoid re-running this script phase.\necho \"SUCCESS\" > \"${SCRIPT_OUTPUT_FILE_0}\"\n";
			showEnvVarsInLog = 0;
		};
		F440F1F2251000DE62CDD329 /* [CP] Embed Pods Frameworks */ = {
			isa = PBXShellScriptBuildPhase;
			buildActionMask = 2147483647;
			files = (
			);
			inputFileListPaths = (
				"${PODS_ROOT}/Target Support Files/Pods-ConneAppTask/Pods-ConneAppTask-frameworks-${CONFIGURATION}-input-files.xcfilelist",
			);
			name = "[CP] Embed Pods Frameworks";
			outputFileListPaths = (
				"${PODS_ROOT}/Target Support Files/Pods-ConneAppTask/Pods-ConneAppTask-frameworks-${CONFIGURATION}-output-files.xcfilelist",
			);
			runOnlyForDeploymentPostprocessing = 0;
			shellPath = /bin/sh;
			shellScript = "\"${PODS_ROOT}/Target Support Files/Pods-ConneAppTask/Pods-ConneAppTask-frameworks.sh\"\n";
			showEnvVarsInLog = 0;
		};
		FE9A658C28374CF500EBFD69 /* ShellScript */ = {
			isa = PBXShellScriptBuildPhase;
			buildActionMask = 2147483647;
			files = (
			);
			inputFileListPaths = (
			);
			inputPaths = (
				"$TEMP_DIR/rswift-lastrun",
			);
			outputFileListPaths = (
			);
			outputPaths = (
				$SRCROOT/R.generated.swift,
			);
			runOnlyForDeploymentPostprocessing = 0;
			shellPath = /bin/sh;
			shellScript = "\"$PODS_ROOT/R.swift/rswift\" generate \"$SRCROOT/R.generated.swift\"\n";
		};
/* End PBXShellScriptBuildPhase section */

/* Begin PBXSourcesBuildPhase section */
		FE946A8928369F3D004B082F /* Sources */ = {
			isa = PBXSourcesBuildPhase;
			buildActionMask = 2147483647;
			files = (
				FE946AE62836AA11004B082F /* UIViewController+Extension.swift in Sources */,
				FE946AEA2836AA11004B082F /* Dictionary+Extension.swift in Sources */,
				FE946AFB2836AA11004B082F /* ReachabilityManager.swift in Sources */,
				FE9A65A82837A91F00EBFD69 /* Sequence+Extension.swift in Sources */,
				FE9A659828375FE900EBFD69 /* SectionTitleView.swift in Sources */,
				FE946A9528369F3D004B082F /* BaseViewController.swift in Sources */,
				FE946AED2836AA11004B082F /* NSError+LocalizedError.swift in Sources */,
				FE946AEF2836AA11004B082F /* View+Extension.swift in Sources */,
				FE9A65A22837720F00EBFD69 /* URL+Extension.swift in Sources */,
				FE9A659C28376D7D00EBFD69 /* Utils.swift in Sources */,
				FE9A658A28374C3100EBFD69 /* WeatherCollectionViewCell.swift in Sources */,
				FE9A65AC2837C8C400EBFD69 /* WeatherReports.swift in Sources */,
				FE946A9128369F3D004B082F /* AppDelegate.swift in Sources */,
				FE946AFF2836ACAA004B082F /* Bundle+Extension.swift in Sources */,
				FE9A65BB2837F1BE00EBFD69 /* OtherTableViewCell.swift in Sources */,
				FE946AE82836AA11004B082F /* UICollectionView+Extension.swift in Sources */,
				FE9A659E28376DF000EBFD69 /* String+Extension.swift in Sources */,
				FE9A65AA2837B1DF00EBFD69 /* Date+Extension.swift in Sources */,
				FE9A65A628379B7600EBFD69 /* UIImageView+SetImage.swift in Sources */,
				FE946AF02836AA11004B082F /* UITableView+Extension.swift in Sources */,
				FE9A65B02837CEBD00EBFD69 /* OtherViewController.swift in Sources */,
				FE9A659A28376CE900EBFD69 /* MainViewDataProvider.swift in Sources */,
				FE9A658E28374DBA00EBFD69 /* R.generated.swift in Sources */,
				FE9A65832837440400EBFD69 /* StringConstants.swift in Sources */,
				FE9A65852837459B00EBFD69 /* City.swift in Sources */,
				FE946B012836AFA6004B082F /* UITextField+Extension.swift in Sources */,
				FE9A65A428378E3400EBFD69 /* Int+Extension.swift in Sources */,
				FE946A9328369F3D004B082F /* SceneDelegate.swift in Sources */,
				FE946AAC28369FF2004B082F /* MainViewController.swift in Sources */,
				FE9A659328375E3C00EBFD69 /* WeatherTableViewCell.swift in Sources */,
				FE9A6587283745FB00EBFD69 /* MainViewModel.swift in Sources */,
			);
			runOnlyForDeploymentPostprocessing = 0;
		};
/* End PBXSourcesBuildPhase section */

/* Begin PBXVariantGroup section */
		FE946A9628369F3D004B082F /* Main.storyboard */ = {
			isa = PBXVariantGroup;
			children = (
				FE946A9728369F3D004B082F /* Base */,
			);
			name = Main.storyboard;
			sourceTree = "<group>";
		};
		FE946A9B28369F3F004B082F /* LaunchScreen.storyboard */ = {
			isa = PBXVariantGroup;
			children = (
				FE946A9C28369F3F004B082F /* Base */,
			);
			name = LaunchScreen.storyboard;
			sourceTree = "<group>";
		};
/* End PBXVariantGroup section */

/* Begin XCBuildConfiguration section */
		FE946A9F28369F3F004B082F /* Debug */ = {
			isa = XCBuildConfiguration;
			buildSettings = {
				ALWAYS_SEARCH_USER_PATHS = NO;
				CLANG_ANALYZER_NONNULL = YES;
				CLANG_ANALYZER_NUMBER_OBJECT_CONVERSION = YES_AGGRESSIVE;
				CLANG_CXX_LANGUAGE_STANDARD = "gnu++17";
				CLANG_CXX_LIBRARY = "libc++";
				CLANG_ENABLE_MODULES = YES;
				CLANG_ENABLE_OBJC_ARC = YES;
				CLANG_ENABLE_OBJC_WEAK = YES;
				CLANG_WARN_BLOCK_CAPTURE_AUTORELEASING = YES;
				CLANG_WARN_BOOL_CONVERSION = YES;
				CLANG_WARN_COMMA = YES;
				CLANG_WARN_CONSTANT_CONVERSION = YES;
				CLANG_WARN_DEPRECATED_OBJC_IMPLEMENTATIONS = YES;
				CLANG_WARN_DIRECT_OBJC_ISA_USAGE = YES_ERROR;
				CLANG_WARN_DOCUMENTATION_COMMENTS = YES;
				CLANG_WARN_EMPTY_BODY = YES;
				CLANG_WARN_ENUM_CONVERSION = YES;
				CLANG_WARN_INFINITE_RECURSION = YES;
				CLANG_WARN_INT_CONVERSION = YES;
				CLANG_WARN_NON_LITERAL_NULL_CONVERSION = YES;
				CLANG_WARN_OBJC_IMPLICIT_RETAIN_SELF = YES;
				CLANG_WARN_OBJC_LITERAL_CONVERSION = YES;
				CLANG_WARN_OBJC_ROOT_CLASS = YES_ERROR;
				CLANG_WARN_QUOTED_INCLUDE_IN_FRAMEWORK_HEADER = YES;
				CLANG_WARN_RANGE_LOOP_ANALYSIS = YES;
				CLANG_WARN_STRICT_PROTOTYPES = YES;
				CLANG_WARN_SUSPICIOUS_MOVE = YES;
				CLANG_WARN_UNGUARDED_AVAILABILITY = YES_AGGRESSIVE;
				CLANG_WARN_UNREACHABLE_CODE = YES;
				CLANG_WARN__DUPLICATE_METHOD_MATCH = YES;
				COPY_PHASE_STRIP = NO;
				DEBUG_INFORMATION_FORMAT = dwarf;
				ENABLE_STRICT_OBJC_MSGSEND = YES;
				ENABLE_TESTABILITY = YES;
				GCC_C_LANGUAGE_STANDARD = gnu11;
				GCC_DYNAMIC_NO_PIC = NO;
				GCC_NO_COMMON_BLOCKS = YES;
				GCC_OPTIMIZATION_LEVEL = 0;
				GCC_PREPROCESSOR_DEFINITIONS = (
					"DEBUG=1",
					"$(inherited)",
				);
				GCC_WARN_64_TO_32_BIT_CONVERSION = YES;
				GCC_WARN_ABOUT_RETURN_TYPE = YES_ERROR;
				GCC_WARN_UNDECLARED_SELECTOR = YES;
				GCC_WARN_UNINITIALIZED_AUTOS = YES_AGGRESSIVE;
				GCC_WARN_UNUSED_FUNCTION = YES;
				GCC_WARN_UNUSED_VARIABLE = YES;
				IPHONEOS_DEPLOYMENT_TARGET = 13.0;
				MTL_ENABLE_DEBUG_INFO = INCLUDE_SOURCE;
				MTL_FAST_MATH = YES;
				ONLY_ACTIVE_ARCH = YES;
				SDKROOT = iphoneos;
				SWIFT_ACTIVE_COMPILATION_CONDITIONS = DEBUG;
				SWIFT_OPTIMIZATION_LEVEL = "-Onone";
			};
			name = Debug;
		};
		FE946AA028369F3F004B082F /* Release */ = {
			isa = XCBuildConfiguration;
			buildSettings = {
				ALWAYS_SEARCH_USER_PATHS = NO;
				CLANG_ANALYZER_NONNULL = YES;
				CLANG_ANALYZER_NUMBER_OBJECT_CONVERSION = YES_AGGRESSIVE;
				CLANG_CXX_LANGUAGE_STANDARD = "gnu++17";
				CLANG_CXX_LIBRARY = "libc++";
				CLANG_ENABLE_MODULES = YES;
				CLANG_ENABLE_OBJC_ARC = YES;
				CLANG_ENABLE_OBJC_WEAK = YES;
				CLANG_WARN_BLOCK_CAPTURE_AUTORELEASING = YES;
				CLANG_WARN_BOOL_CONVERSION = YES;
				CLANG_WARN_COMMA = YES;
				CLANG_WARN_CONSTANT_CONVERSION = YES;
				CLANG_WARN_DEPRECATED_OBJC_IMPLEMENTATIONS = YES;
				CLANG_WARN_DIRECT_OBJC_ISA_USAGE = YES_ERROR;
				CLANG_WARN_DOCUMENTATION_COMMENTS = YES;
				CLANG_WARN_EMPTY_BODY = YES;
				CLANG_WARN_ENUM_CONVERSION = YES;
				CLANG_WARN_INFINITE_RECURSION = YES;
				CLANG_WARN_INT_CONVERSION = YES;
				CLANG_WARN_NON_LITERAL_NULL_CONVERSION = YES;
				CLANG_WARN_OBJC_IMPLICIT_RETAIN_SELF = YES;
				CLANG_WARN_OBJC_LITERAL_CONVERSION = YES;
				CLANG_WARN_OBJC_ROOT_CLASS = YES_ERROR;
				CLANG_WARN_QUOTED_INCLUDE_IN_FRAMEWORK_HEADER = YES;
				CLANG_WARN_RANGE_LOOP_ANALYSIS = YES;
				CLANG_WARN_STRICT_PROTOTYPES = YES;
				CLANG_WARN_SUSPICIOUS_MOVE = YES;
				CLANG_WARN_UNGUARDED_AVAILABILITY = YES_AGGRESSIVE;
				CLANG_WARN_UNREACHABLE_CODE = YES;
				CLANG_WARN__DUPLICATE_METHOD_MATCH = YES;
				COPY_PHASE_STRIP = NO;
				DEBUG_INFORMATION_FORMAT = "dwarf-with-dsym";
				ENABLE_NS_ASSERTIONS = NO;
				ENABLE_STRICT_OBJC_MSGSEND = YES;
				GCC_C_LANGUAGE_STANDARD = gnu11;
				GCC_NO_COMMON_BLOCKS = YES;
				GCC_WARN_64_TO_32_BIT_CONVERSION = YES;
				GCC_WARN_ABOUT_RETURN_TYPE = YES_ERROR;
				GCC_WARN_UNDECLARED_SELECTOR = YES;
				GCC_WARN_UNINITIALIZED_AUTOS = YES_AGGRESSIVE;
				GCC_WARN_UNUSED_FUNCTION = YES;
				GCC_WARN_UNUSED_VARIABLE = YES;
				IPHONEOS_DEPLOYMENT_TARGET = 13.0;
				MTL_ENABLE_DEBUG_INFO = NO;
				MTL_FAST_MATH = YES;
				SDKROOT = iphoneos;
				SWIFT_COMPILATION_MODE = wholemodule;
				SWIFT_OPTIMIZATION_LEVEL = "-O";
				VALIDATE_PRODUCT = YES;
			};
			name = Release;
		};
		FE946AA228369F3F004B082F /* Debug */ = {
			isa = XCBuildConfiguration;
			baseConfigurationReference = 2FBDE1AE2A2A8B7FD5109250 /* Pods-ConneAppTask.debug.xcconfig */;
			buildSettings = {
				ASSETCATALOG_COMPILER_APPICON_NAME = AppIcon;
				ASSETCATALOG_COMPILER_GLOBAL_ACCENT_COLOR_NAME = AccentColor;
				CODE_SIGN_STYLE = Automatic;
				CURRENT_PROJECT_VERSION = 1;
				DEVELOPMENT_TEAM = 97PLGXLP54;
				GENERATE_INFOPLIST_FILE = YES;
				INFOPLIST_FILE = ConneAppTask/Info.plist;
				INFOPLIST_KEY_UIApplicationSupportsIndirectInputEvents = YES;
				INFOPLIST_KEY_UILaunchStoryboardName = LaunchScreen;
				INFOPLIST_KEY_UIMainStoryboardFile = Main;
				INFOPLIST_KEY_UISupportedInterfaceOrientations_iPad = "UIInterfaceOrientationPortrait UIInterfaceOrientationPortraitUpsideDown UIInterfaceOrientationLandscapeLeft UIInterfaceOrientationLandscapeRight";
				INFOPLIST_KEY_UISupportedInterfaceOrientations_iPhone = "UIInterfaceOrientationPortrait UIInterfaceOrientationLandscapeLeft UIInterfaceOrientationLandscapeRight";
				IPHONEOS_DEPLOYMENT_TARGET = 13.0;
				LD_RUNPATH_SEARCH_PATHS = (
					"$(inherited)",
					"@executable_path/Frameworks",
				);
				MARKETING_VERSION = 1.0;
				PRODUCT_BUNDLE_IDENTIFIER = com.ajay.conneAppTask.ConneAppTask;
				PRODUCT_NAME = "$(TARGET_NAME)";
				SWIFT_EMIT_LOC_STRINGS = YES;
				SWIFT_VERSION = 5.0;
				TARGETED_DEVICE_FAMILY = 1;
			};
			name = Debug;
		};
		FE946AA328369F3F004B082F /* Release */ = {
			isa = XCBuildConfiguration;
			baseConfigurationReference = 36CCFFA58CD7E90E87927B3B /* Pods-ConneAppTask.release.xcconfig */;
			buildSettings = {
				ASSETCATALOG_COMPILER_APPICON_NAME = AppIcon;
				ASSETCATALOG_COMPILER_GLOBAL_ACCENT_COLOR_NAME = AccentColor;
				CODE_SIGN_STYLE = Automatic;
				CURRENT_PROJECT_VERSION = 1;
				DEVELOPMENT_TEAM = 97PLGXLP54;
				GENERATE_INFOPLIST_FILE = YES;
				INFOPLIST_FILE = ConneAppTask/Info.plist;
				INFOPLIST_KEY_UIApplicationSupportsIndirectInputEvents = YES;
				INFOPLIST_KEY_UILaunchStoryboardName = LaunchScreen;
				INFOPLIST_KEY_UIMainStoryboardFile = Main;
				INFOPLIST_KEY_UISupportedInterfaceOrientations_iPad = "UIInterfaceOrientationPortrait UIInterfaceOrientationPortraitUpsideDown UIInterfaceOrientationLandscapeLeft UIInterfaceOrientationLandscapeRight";
				INFOPLIST_KEY_UISupportedInterfaceOrientations_iPhone = "UIInterfaceOrientationPortrait UIInterfaceOrientationLandscapeLeft UIInterfaceOrientationLandscapeRight";
				IPHONEOS_DEPLOYMENT_TARGET = 13.0;
				LD_RUNPATH_SEARCH_PATHS = (
					"$(inherited)",
					"@executable_path/Frameworks",
				);
				MARKETING_VERSION = 1.0;
				PRODUCT_BUNDLE_IDENTIFIER = com.ajay.conneAppTask.ConneAppTask;
				PRODUCT_NAME = "$(TARGET_NAME)";
				SWIFT_EMIT_LOC_STRINGS = YES;
				SWIFT_VERSION = 5.0;
				TARGETED_DEVICE_FAMILY = 1;
			};
			name = Release;
		};
/* End XCBuildConfiguration section */

/* Begin XCConfigurationList section */
		FE946A8828369F3D004B082F /* Build configuration list for PBXProject "ConneAppTask" */ = {
			isa = XCConfigurationList;
			buildConfigurations = (
				FE946A9F28369F3F004B082F /* Debug */,
				FE946AA028369F3F004B082F /* Release */,
			);
			defaultConfigurationIsVisible = 0;
			defaultConfigurationName = Release;
		};
		FE946AA128369F3F004B082F /* Build configuration list for PBXNativeTarget "ConneAppTask" */ = {
			isa = XCConfigurationList;
			buildConfigurations = (
				FE946AA228369F3F004B082F /* Debug */,
				FE946AA328369F3F004B082F /* Release */,
			);
			defaultConfigurationIsVisible = 0;
			defaultConfigurationName = Release;
		};
/* End XCConfigurationList section */
	};
	rootObject = FE946A8528369F3D004B082F /* Project object */;
}
